
Microsoft Visual Studio Solution File, Format Version 12.00
# Visual Studio Version 17
VisualStudioVersion = 17.1.32228.430
MinimumVisualStudioVersion = 10.0.40219.1
Project("{FAE04EC0-301F-11D3-BF4B-00C04F79EFBC}") = "ConsoleApp2", "ConsoleApp2.csproj", "{2A9A3C0C-BD01-4B8C-AC64-15E5A74B5641}"
EndProject
Global
	GlobalSection(SolutionConfigurationPlatforms) = preSolution
		Debug|Any CPU = Debug|Any CPU
		Release|Any CPU = Release|Any CPU
	EndGlobalSection
	GlobalSection(ProjectConfigurationPlatforms) = postSolution
		{2A9A3C0C-BD01-4B8C-AC64-15E5A74B5641}.Debug|Any CPU.ActiveCfg = Debug|Any CPU
		{2A9A3C0C-BD01-4B8C-AC64-15E5A74B5641}.Debug|Any CPU.Build.0 = Debug|Any CPU
		{2A9A3C0C-BD01-4B8C-AC64-15E5A74B5641}.Release|Any CPU.ActiveCfg = Release|Any CPU
		{2A9A3C0C-BD01-4B8C-AC64-15E5A74B5641}.Release|Any CPU.Build.0 = Release|Any CPU
	EndGlobalSection
	GlobalSection(SolutionProperties) = preSolution
		HideSolutionNode = FALSE
	EndGlobalSection
	GlobalSection(ExtensibilityGlobals) = postSolution
		SolutionGuid = {7792D748-1970-476F-B0FA-B4178298F1D4}
	EndGlobalSection
EndGlobal
