
Microsoft Visual Studio Solution File, Format Version 12.00
# Visual Studio Version 17
VisualStudioVersion = 17.1.32228.430
MinimumVisualStudioVersion = 10.0.40219.1
Project("{FAE04EC0-301F-11D3-BF4B-00C04F79EFBC}") = "ConsoleApp1", "ConsoleApp1.csproj", "{292F9F68-47C6-48FC-966E-552AF3DAE794}"
EndProject
Global
	GlobalSection(SolutionConfigurationPlatforms) = preSolution
		Debug|Any CPU = Debug|Any CPU
		Release|Any CPU = Release|Any CPU
	EndGlobalSection
	GlobalSection(ProjectConfigurationPlatforms) = postSolution
		{292F9F68-47C6-48FC-966E-552AF3DAE794}.Debug|Any CPU.ActiveCfg = Debug|Any CPU
		{292F9F68-47C6-48FC-966E-552AF3DAE794}.Debug|Any CPU.Build.0 = Debug|Any CPU
		{292F9F68-47C6-48FC-966E-552AF3DAE794}.Release|Any CPU.ActiveCfg = Release|Any CPU
		{292F9F68-47C6-48FC-966E-552AF3DAE794}.Release|Any CPU.Build.0 = Release|Any CPU
	EndGlobalSection
	GlobalSection(SolutionProperties) = preSolution
		HideSolutionNode = FALSE
	EndGlobalSection
	GlobalSection(ExtensibilityGlobals) = postSolution
		SolutionGuid = {5DB4B7B4-8590-478F-9D70-A78AB1AC6D22}
	EndGlobalSection
EndGlobal
