
Microsoft Visual Studio Solution File, Format Version 12.00
# Visual Studio Version 17
VisualStudioVersion = 17.1.32228.430
MinimumVisualStudioVersion = 10.0.40219.1
Project("{FAE04EC0-301F-11D3-BF4B-00C04F79EFBC}") = "EventArgs_Lesson", "EventArgs_Lesson.csproj", "{B62A737D-FA7F-4B6A-AF4D-7D9AA727642F}"
EndProject
Project("{FAE04EC0-301F-11D3-BF4B-00C04F79EFBC}") = "Progtime_practice", "..\Progtime_practice\Progtime_practice.csproj", "{0AE1EF4F-3BF9-44E9-9BA3-88151FB11063}"
EndProject
Global
	GlobalSection(SolutionConfigurationPlatforms) = preSolution
		Debug|Any CPU = Debug|Any CPU
		Release|Any CPU = Release|Any CPU
	EndGlobalSection
	GlobalSection(ProjectConfigurationPlatforms) = postSolution
		{B62A737D-FA7F-4B6A-AF4D-7D9AA727642F}.Debug|Any CPU.ActiveCfg = Debug|Any CPU
		{B62A737D-FA7F-4B6A-AF4D-7D9AA727642F}.Debug|Any CPU.Build.0 = Debug|Any CPU
		{B62A737D-FA7F-4B6A-AF4D-7D9AA727642F}.Release|Any CPU.ActiveCfg = Release|Any CPU
		{B62A737D-FA7F-4B6A-AF4D-7D9AA727642F}.Release|Any CPU.Build.0 = Release|Any CPU
		{0AE1EF4F-3BF9-44E9-9BA3-88151FB11063}.Debug|Any CPU.ActiveCfg = Debug|Any CPU
		{0AE1EF4F-3BF9-44E9-9BA3-88151FB11063}.Debug|Any CPU.Build.0 = Debug|Any CPU
		{0AE1EF4F-3BF9-44E9-9BA3-88151FB11063}.Release|Any CPU.ActiveCfg = Release|Any CPU
		{0AE1EF4F-3BF9-44E9-9BA3-88151FB11063}.Release|Any CPU.Build.0 = Release|Any CPU
	EndGlobalSection
	GlobalSection(SolutionProperties) = preSolution
		HideSolutionNode = FALSE
	EndGlobalSection
	GlobalSection(ExtensibilityGlobals) = postSolution
		SolutionGuid = {98A8F8F5-89E0-4B76-97FC-0D82699E0826}
	EndGlobalSection
EndGlobal
